{
  "lockfileVersion": 1,
  "dependencies": {
    "html5-device-mockups": {
      "version": "3.0.3",
      "resolved": "https://registry.npmjs.org/html5-device-mockups/-/html5-device-mockups-3.0.3.tgz",
      "integrity": "sha512-kZJA35OJnMrB+zHtZ6dF5DckuzCXWhIyR3nLDkRNWW5D7X6jtZiU20h/QDsX8NVA+2furopJswqcOHXWbN5joQ=="
    }
  }
}
